{
  "requires": true,
  "lockfileVersion": 1,
  "dependencies": {
    "@here/harp-datasource-protocol": {
      "version": "0.4.2",
      "resolved": "https://registry.npmjs.org/@here/harp-datasource-protocol/-/harp-datasource-protocol-0.4.2.tgz",
      "integrity": "sha512-FF08OVUX6oIEah2Hj/2/lPlBY2YAItP0ZBzknWJtaKIL7ro2+k8LLqrftwWtsBaZzlfEMncEwRGaFevJqk6icg==",
      "requires": {
        "@here/harp-geoutils": "^0.4.2",
        "@here/harp-lines": "^0.3.2",
        "@here/harp-utils": "^0.2.6"
      }
    },
    "@here/harp-geometry": {
      "version": "0.2.3",
      "resolved": "https://registry.npmjs.org/@here/harp-geometry/-/harp-geometry-0.2.3.tgz",
      "integrity": "sha512-xF/Ojv2/WftspjWEll32hu+VKX0HPoUZgTJ5IajAchCQ8vHcrah9I7iMAFJLHBxA4SAvwRIgKfahvgUKWSYCXg==",
      "requires": {
        "@here/harp-geoutils": "^0.4.2"
      }
    },
    "@here/harp-geoutils": {
      "version": "0.4.2",
      "resolved": "https://registry.npmjs.org/@here/harp-geoutils/-/harp-geoutils-0.4.2.tgz",
      "integrity": "sha512-090sjIMRS/80lIJRA0yY2r2Z78h99lRti2dxCrh2MWGkujFiYSAE8iFgpGAQOogMgKuCcsvvlDzqh9CCGcRXMg=="
    },
    "@here/harp-lines": {
      "version": "0.3.2",
      "resolved": "https://registry.npmjs.org/@here/harp-lines/-/harp-lines-0.3.2.tgz",
      "integrity": "sha512-q3k5xUyrsl2qsPSTfBEaXCS4AOHUFnEBPUkH/1ssgMA4UScwfWwQz8XxKDS1AoOxZi4R6ivT44GaDg9HS4b2dw==",
      "requires": {
        "@here/harp-materials": "^0.3.2"
      }
    },
    "@here/harp-lrucache": {
      "version": "0.2.5",
      "resolved": "https://registry.npmjs.org/@here/harp-lrucache/-/harp-lrucache-0.2.5.tgz",
      "integrity": "sha512-veeYbdGSRt8m44Fedd0x2/sosNL2qFv9Lm4YxMv/bR/3W0ea7tSHb4uSTnd/8uZ/E1MBDeWLEIqOwaDNyGHsxQ==",
      "requires": {
        "@here/harp-utils": "^0.2.6"
      }
    },
    "@here/harp-mapview": {
      "version": "0.9.3",
      "resolved": "https://registry.npmjs.org/@here/harp-mapview/-/harp-mapview-0.9.3.tgz",
      "integrity": "sha512-uk7ZruOKz4qT8eZsWh/4OB3vkx9QfzmQTxq+DriRHpCNErLSc/cr1R2uSaxL46cFhcM8g1wKxnc6aEXAnKiD6Q==",
      "requires": {
        "@here/harp-datasource-protocol": "^0.4.2",
        "@here/harp-geometry": "^0.2.3",
        "@here/harp-geoutils": "^0.4.2",
        "@here/harp-lines": "^0.3.2",
        "@here/harp-lrucache": "^0.2.5",
        "@here/harp-materials": "^0.3.2",
        "@here/harp-text-canvas": "^0.3.2",
        "@here/harp-utils": "^0.2.6",
        "rtree": "^1.4.2"
      }
    },
    "@here/harp-materials": {
      "version": "0.3.2",
      "resolved": "https://registry.npmjs.org/@here/harp-materials/-/harp-materials-0.3.2.tgz",
      "integrity": "sha512-YDv3Fqkvba8A2AVEnTrDN5raBr4B9uyI76v5+RyoO7U2jl1WoQVRIlOoyV9c+gB7BAj7ObzFJcD0QND3leZUrA==",
      "requires": {
        "@here/harp-utils": "^0.2.6"
      }
    },
    "@here/harp-text-canvas": {
      "version": "0.3.2",
      "resolved": "https://registry.npmjs.org/@here/harp-text-canvas/-/harp-text-canvas-0.3.2.tgz",
      "integrity": "sha512-8cT1Blca4fBYMya6vVp0yKCISf8H9al2JuE/zE+zBEpa8i8pm0ra/pGQGNRjiS4KvIcxh+/8J5Cw6Wu/qcFADA==",
      "requires": {
        "@here/harp-lrucache": "^0.2.5"
      }
    },
    "@here/harp-utils": {
      "version": "0.2.6",
      "resolved": "https://registry.npmjs.org/@here/harp-utils/-/harp-utils-0.2.6.tgz",
      "integrity": "sha512-3Gxa6krGDVWVfMZg7ljH+zGfEZhWNZsXR6cbj3c8HftsZBx+YFUt3iV0GGKo/e464FalXxczVWJYQ93/yDGUkA=="
    },
    "rtree": {
      "version": "1.4.2",
      "resolved": "https://registry.npmjs.org/rtree/-/rtree-1.4.2.tgz",
      "integrity": "sha1-i4xYjFih+H/qXaLUl647LF5Lsy4="
    }
  }
}
