# THIS IS AN AUTOGENERATED FILE. DO NOT EDIT THIS FILE DIRECTLY.
# yarn lockfile v1


"@here/harp-datasource-protocol@^0.4.2":
  version "0.4.2"
  resolved "https://registry.yarnpkg.com/@here/harp-datasource-protocol/-/harp-datasource-protocol-0.4.2.tgz#4dcd1466ec2d21759ce8340fb0b37b244c74f943"
  integrity sha512-FF08OVUX6oIEah2Hj/2/lPlBY2YAItP0ZBzknWJtaKIL7ro2+k8LLqrftwWtsBaZzlfEMncEwRGaFevJqk6icg==
  dependencies:
    "@here/harp-geoutils" "^0.4.2"
    "@here/harp-lines" "^0.3.2"
    "@here/harp-utils" "^0.2.6"

"@here/harp-geometry@^0.2.3":
  version "0.2.3"
  resolved "https://registry.yarnpkg.com/@here/harp-geometry/-/harp-geometry-0.2.3.tgz#a0cf983f4c791a09f369e123f94e3dee6842c6b2"
  integrity sha512-xF/Ojv2/WftspjWEll32hu+VKX0HPoUZgTJ5IajAchCQ8vHcrah9I7iMAFJLHBxA4SAvwRIgKfahvgUKWSYCXg==
  dependencies:
    "@here/harp-geoutils" "^0.4.2"

"@here/harp-geoutils@^0.4.2":
  version "0.4.2"
  resolved "https://registry.yarnpkg.com/@here/harp-geoutils/-/harp-geoutils-0.4.2.tgz#bdc77b0cba5cb4f876e86583c1a44fc64e8020d4"
  integrity sha512-090sjIMRS/80lIJRA0yY2r2Z78h99lRti2dxCrh2MWGkujFiYSAE8iFgpGAQOogMgKuCcsvvlDzqh9CCGcRXMg==

"@here/harp-lines@^0.3.2":
  version "0.3.2"
  resolved "https://registry.yarnpkg.com/@here/harp-lines/-/harp-lines-0.3.2.tgz#545b3de462075234966c4ee32354563348a759c9"
  integrity sha512-q3k5xUyrsl2qsPSTfBEaXCS4AOHUFnEBPUkH/1ssgMA4UScwfWwQz8XxKDS1AoOxZi4R6ivT44GaDg9HS4b2dw==
  dependencies:
    "@here/harp-materials" "^0.3.2"

"@here/harp-lrucache@^0.2.5":
  version "0.2.5"
  resolved "https://registry.yarnpkg.com/@here/harp-lrucache/-/harp-lrucache-0.2.5.tgz#56312e9da9119e179fee6cdd5560688b387fbec3"
  integrity sha512-veeYbdGSRt8m44Fedd0x2/sosNL2qFv9Lm4YxMv/bR/3W0ea7tSHb4uSTnd/8uZ/E1MBDeWLEIqOwaDNyGHsxQ==
  dependencies:
    "@here/harp-utils" "^0.2.6"

"@here/harp-mapview@^0.9.3":
  version "0.9.3"
  resolved "https://registry.yarnpkg.com/@here/harp-mapview/-/harp-mapview-0.9.3.tgz#35264fa65e97d398147a80d83154a4687f7bcea5"
  integrity sha512-uk7ZruOKz4qT8eZsWh/4OB3vkx9QfzmQTxq+DriRHpCNErLSc/cr1R2uSaxL46cFhcM8g1wKxnc6aEXAnKiD6Q==
  dependencies:
    "@here/harp-datasource-protocol" "^0.4.2"
    "@here/harp-geometry" "^0.2.3"
    "@here/harp-geoutils" "^0.4.2"
    "@here/harp-lines" "^0.3.2"
    "@here/harp-lrucache" "^0.2.5"
    "@here/harp-materials" "^0.3.2"
    "@here/harp-text-canvas" "^0.3.2"
    "@here/harp-utils" "^0.2.6"
    rtree "^1.4.2"

"@here/harp-materials@^0.3.2":
  version "0.3.2"
  resolved "https://registry.yarnpkg.com/@here/harp-materials/-/harp-materials-0.3.2.tgz#f69a1e4152677cbc7a16154ded0ca7ed884b89e8"
  integrity sha512-YDv3Fqkvba8A2AVEnTrDN5raBr4B9uyI76v5+RyoO7U2jl1WoQVRIlOoyV9c+gB7BAj7ObzFJcD0QND3leZUrA==
  dependencies:
    "@here/harp-utils" "^0.2.6"

"@here/harp-text-canvas@^0.3.2":
  version "0.3.2"
  resolved "https://registry.yarnpkg.com/@here/harp-text-canvas/-/harp-text-canvas-0.3.2.tgz#c48759d074ed01fa6f9792a233d6b8aa804fbb12"
  integrity sha512-8cT1Blca4fBYMya6vVp0yKCISf8H9al2JuE/zE+zBEpa8i8pm0ra/pGQGNRjiS4KvIcxh+/8J5Cw6Wu/qcFADA==
  dependencies:
    "@here/harp-lrucache" "^0.2.5"

"@here/harp-utils@^0.2.6":
  version "0.2.6"
  resolved "https://registry.yarnpkg.com/@here/harp-utils/-/harp-utils-0.2.6.tgz#4e3e3538f4a4744fa9d6471fb12d0876d0403ee9"
  integrity sha512-3Gxa6krGDVWVfMZg7ljH+zGfEZhWNZsXR6cbj3c8HftsZBx+YFUt3iV0GGKo/e464FalXxczVWJYQ93/yDGUkA==

rtree@^1.4.2:
  version "1.4.2"
  resolved "https://registry.yarnpkg.com/rtree/-/rtree-1.4.2.tgz#8b8c588c58a1f87fea5da2d497ae3b2c5e4bb32e"
  integrity sha1-i4xYjFih+H/qXaLUl647LF5Lsy4=
